{
  "name": "modul_010",
  "lockfileVersion": 3,
  "requires": true,
  "packages": {
    "": {
      "dependencies": {
        "lodash.debounce": "^4.0.8",
        "notiflix": "^3.2.7"
      }
    },
    "node_modules/lodash.debounce": {
      "version": "4.0.8",
      "resolved": "https://registry.npmjs.org/lodash.debounce/-/lodash.debounce-4.0.8.tgz",
      "integrity": "sha512-FT1yDzDYEoYWhnSGnpE/4Kj1fLZkDFyqRb7fNt6FdYOSxlUWAtp42Eh6Wb0rGIv/m9Bgo7x4GhQbm5Ys4SG5ow=="
    },
    "node_modules/notiflix": {
      "version": "3.2.7",
      "resolved": "https://registry.npmjs.org/notiflix/-/notiflix-3.2.7.tgz",
      "integrity": "sha512-NRu6KSeyfphgPKBxh4IUoOYXbROrpuDa9/q9/VPb6UNEP4uII9RKwclTZWUyl1A0tSh9+lEhdz9F/EkskH3A6w=="
    }
  }
}
